// !$*UTF8*$!
{
	archiveVersion = 1;
	classes = {
	};
	objectVersion = 50;
	objects = {

/* Begin PBXBuildFile section */
		3260DBEAE2FC17A2998A1EC2 /* libPods-HybridAppDemoUITests.a in Frameworks */ = {isa = PBXBuildFile; fileRef = ABDFB73E631A58AA9FF3D76D /* libPods-HybridAppDemoUITests.a */; };
		409216F9386151FAE1CF8E73 /* libPods-HybridAppDemoTests.a in Frameworks */ = {isa = PBXBuildFile; fileRef = C0EB9C308B5C94272D77A4A2 /* libPods-HybridAppDemoTests.a */; };
		4669590DA981C70340F39C48 /* libPods-HybridAppDemo.a in Frameworks */ = {isa = PBXBuildFile; fileRef = DF7033AB226C3B115B094088 /* libPods-HybridAppDemo.a */; };
		B3E58664212C2C5E008F3FD3 /* AppDelegate.m in Sources */ = {isa = PBXBuildFile; fileRef = B3E58663212C2C5E008F3FD3 /* AppDelegate.m */; };
		B3E58667212C2C5E008F3FD3 /* ViewController.m in Sources */ = {isa = PBXBuildFile; fileRef = B3E58666212C2C5E008F3FD3 /* ViewController.m */; };
		B3E5866A212C2C5E008F3FD3 /* Main.storyboard in Resources */ = {isa = PBXBuildFile; fileRef = B3E58668212C2C5E008F3FD3 /* Main.storyboard */; };
		B3E5866C212C2C61008F3FD3 /* Assets.xcassets in Resources */ = {isa = PBXBuildFile; fileRef = B3E5866B212C2C61008F3FD3 /* Assets.xcassets */; };
		B3E5866F212C2C61008F3FD3 /* LaunchScreen.storyboard in Resources */ = {isa = PBXBuildFile; fileRef = B3E5866D212C2C61008F3FD3 /* LaunchScreen.storyboard */; };
		B3E58672212C2C61008F3FD3 /* main.m in Sources */ = {isa = PBXBuildFile; fileRef = B3E58671212C2C61008F3FD3 /* main.m */; };
		B3E5867C212C2C61008F3FD3 /* HybridAppDemoTests.m in Sources */ = {isa = PBXBuildFile; fileRef = B3E5867B212C2C61008F3FD3 /* HybridAppDemoTests.m */; };
		B3E58687212C2C61008F3FD3 /* HybridAppDemoUITests.m in Sources */ = {isa = PBXBuildFile; fileRef = B3E58686212C2C61008F3FD3 /* HybridAppDemoUITests.m */; };
/* End PBXBuildFile section */

/* Begin PBXContainerItemProxy section */
		B3E58678212C2C61008F3FD3 /* PBXContainerItemProxy */ = {
			isa = PBXContainerItemProxy;
			containerPortal = B3E58657212C2C5E008F3FD3 /* Project object */;
			proxyType = 1;
			remoteGlobalIDString = B3E5865E212C2C5E008F3FD3;
			remoteInfo = HybridAppDemo;
		};
		B3E58683212C2C61008F3FD3 /* PBXContainerItemProxy */ = {
			isa = PBXContainerItemProxy;
			containerPortal = B3E58657212C2C5E008F3FD3 /* Project object */;
			proxyType = 1;
			remoteGlobalIDString = B3E5865E212C2C5E008F3FD3;
			remoteInfo = HybridAppDemo;
		};
/* End PBXContainerItemProxy section */

/* Begin PBXFileReference section */
		61907CF5CFC0882F1A8F8B17 /* Pods-HybridAppDemoUITests.debug.xcconfig */ = {isa = PBXFileReference; includeInIndex = 1; lastKnownFileType = text.xcconfig; name = "Pods-HybridAppDemoUITests.debug.xcconfig"; path = "Pods/Target Support Files/Pods-HybridAppDemoUITests/Pods-HybridAppDemoUITests.debug.xcconfig"; sourceTree = "<group>"; };
		6D7DEA092CABFA14806490E7 /* Pods-HybridAppDemoTests.debug.xcconfig */ = {isa = PBXFileReference; includeInIndex = 1; lastKnownFileType = text.xcconfig; name = "Pods-HybridAppDemoTests.debug.xcconfig"; path = "Pods/Target Support Files/Pods-HybridAppDemoTests/Pods-HybridAppDemoTests.debug.xcconfig"; sourceTree = "<group>"; };
		7EDEDE9B16971D956408ABED /* Pods-HybridAppDemoUITests.release.xcconfig */ = {isa = PBXFileReference; includeInIndex = 1; lastKnownFileType = text.xcconfig; name = "Pods-HybridAppDemoUITests.release.xcconfig"; path = "Pods/Target Support Files/Pods-HybridAppDemoUITests/Pods-HybridAppDemoUITests.release.xcconfig"; sourceTree = "<group>"; };
		838D553ECB2049AF2941574E /* Pods-HybridAppDemoTests.release.xcconfig */ = {isa = PBXFileReference; includeInIndex = 1; lastKnownFileType = text.xcconfig; name = "Pods-HybridAppDemoTests.release.xcconfig"; path = "Pods/Target Support Files/Pods-HybridAppDemoTests/Pods-HybridAppDemoTests.release.xcconfig"; sourceTree = "<group>"; };
		ABDFB73E631A58AA9FF3D76D /* libPods-HybridAppDemoUITests.a */ = {isa = PBXFileReference; explicitFileType = archive.ar; includeInIndex = 0; path = "libPods-HybridAppDemoUITests.a"; sourceTree = BUILT_PRODUCTS_DIR; };
		B3E5865F212C2C5E008F3FD3 /* HybridAppDemo.app */ = {isa = PBXFileReference; explicitFileType = wrapper.application; includeInIndex = 0; path = HybridAppDemo.app; sourceTree = BUILT_PRODUCTS_DIR; };
		B3E58662212C2C5E008F3FD3 /* AppDelegate.h */ = {isa = PBXFileReference; lastKnownFileType = sourcecode.c.h; path = AppDelegate.h; sourceTree = "<group>"; };
		B3E58663212C2C5E008F3FD3 /* AppDelegate.m */ = {isa = PBXFileReference; lastKnownFileType = sourcecode.c.objc; path = AppDelegate.m; sourceTree = "<group>"; };
		B3E58665212C2C5E008F3FD3 /* ViewController.h */ = {isa = PBXFileReference; lastKnownFileType = sourcecode.c.h; path = ViewController.h; sourceTree = "<group>"; };
		B3E58666212C2C5E008F3FD3 /* ViewController.m */ = {isa = PBXFileReference; lastKnownFileType = sourcecode.c.objc; path = ViewController.m; sourceTree = "<group>"; };
		B3E58669212C2C5E008F3FD3 /* Base */ = {isa = PBXFileReference; lastKnownFileType = file.storyboard; name = Base; path = Base.lproj/Main.storyboard; sourceTree = "<group>"; };
		B3E5866B212C2C61008F3FD3 /* Assets.xcassets */ = {isa = PBXFileReference; lastKnownFileType = folder.assetcatalog; path = Assets.xcassets; sourceTree = "<group>"; };
		B3E5866E212C2C61008F3FD3 /* Base */ = {isa = PBXFileReference; lastKnownFileType = file.storyboard; name = Base; path = Base.lproj/LaunchScreen.storyboard; sourceTree = "<group>"; };
		B3E58670212C2C61008F3FD3 /* Info.plist */ = {isa = PBXFileReference; lastKnownFileType = text.plist.xml; path = Info.plist; sourceTree = "<group>"; };
		B3E58671212C2C61008F3FD3 /* main.m */ = {isa = PBXFileReference; lastKnownFileType = sourcecode.c.objc; path = main.m; sourceTree = "<group>"; };
		B3E58677212C2C61008F3FD3 /* HybridAppDemoTests.xctest */ = {isa = PBXFileReference; explicitFileType = wrapper.cfbundle; includeInIndex = 0; path = HybridAppDemoTests.xctest; sourceTree = BUILT_PRODUCTS_DIR; };
		B3E5867B212C2C61008F3FD3 /* HybridAppDemoTests.m */ = {isa = PBXFileReference; lastKnownFileType = sourcecode.c.objc; path = HybridAppDemoTests.m; sourceTree = "<group>"; };
		B3E5867D212C2C61008F3FD3 /* Info.plist */ = {isa = PBXFileReference; lastKnownFileType = text.plist.xml; path = Info.plist; sourceTree = "<group>"; };
		B3E58682212C2C61008F3FD3 /* HybridAppDemoUITests.xctest */ = {isa = PBXFileReference; explicitFileType = wrapper.cfbundle; includeInIndex = 0; path = HybridAppDemoUITests.xctest; sourceTree = BUILT_PRODUCTS_DIR; };
		B3E58686212C2C61008F3FD3 /* HybridAppDemoUITests.m */ = {isa = PBXFileReference; lastKnownFileType = sourcecode.c.objc; path = HybridAppDemoUITests.m; sourceTree = "<group>"; };
		B3E58688212C2C61008F3FD3 /* Info.plist */ = {isa = PBXFileReference; lastKnownFileType = text.plist.xml; path = Info.plist; sourceTree = "<group>"; };
		C0EB9C308B5C94272D77A4A2 /* libPods-HybridAppDemoTests.a */ = {isa = PBXFileReference; explicitFileType = archive.ar; includeInIndex = 0; path = "libPods-HybridAppDemoTests.a"; sourceTree = BUILT_PRODUCTS_DIR; };
		DE1477ED271DB2A85419CA92 /* Pods-HybridAppDemo.release.xcconfig */ = {isa = PBXFileReference; includeInIndex = 1; lastKnownFileType = text.xcconfig; name = "Pods-HybridAppDemo.release.xcconfig"; path = "Pods/Target Support Files/Pods-HybridAppDemo/Pods-HybridAppDemo.release.xcconfig"; sourceTree = "<group>"; };
		DF7033AB226C3B115B094088 /* libPods-HybridAppDemo.a */ = {isa = PBXFileReference; explicitFileType = archive.ar; includeInIndex = 0; path = "libPods-HybridAppDemo.a"; sourceTree = BUILT_PRODUCTS_DIR; };
		E8321876A49CF03224FA9A38 /* Pods-HybridAppDemo.debug.xcconfig */ = {isa = PBXFileReference; includeInIndex = 1; lastKnownFileType = text.xcconfig; name = "Pods-HybridAppDemo.debug.xcconfig"; path = "Pods/Target Support Files/Pods-HybridAppDemo/Pods-HybridAppDemo.debug.xcconfig"; sourceTree = "<group>"; };
/* End PBXFileReference section */

/* Begin PBXFrameworksBuildPhase section */
		B3E5865C212C2C5E008F3FD3 /* Frameworks */ = {
			isa = PBXFrameworksBuildPhase;
			buildActionMask = 2147483647;
			files = (
				4669590DA981C70340F39C48 /* libPods-HybridAppDemo.a in Frameworks */,
			);
			runOnlyForDeploymentPostprocessing = 0;
		};
		B3E58674212C2C61008F3FD3 /* Frameworks */ = {
			isa = PBXFrameworksBuildPhase;
			buildActionMask = 2147483647;
			files = (
				409216F9386151FAE1CF8E73 /* libPods-HybridAppDemoTests.a in Frameworks */,
			);
			runOnlyForDeploymentPostprocessing = 0;
		};
		B3E5867F212C2C61008F3FD3 /* Frameworks */ = {
			isa = PBXFrameworksBuildPhase;
			buildActionMask = 2147483647;
			files = (
				3260DBEAE2FC17A2998A1EC2 /* libPods-HybridAppDemoUITests.a in Frameworks */,
			);
			runOnlyForDeploymentPostprocessing = 0;
		};
/* End PBXFrameworksBuildPhase section */

/* Begin PBXGroup section */
		7C33460B2F43EC10057BCD85 /* Frameworks */ = {
			isa = PBXGroup;
			children = (
				DF7033AB226C3B115B094088 /* libPods-HybridAppDemo.a */,
				C0EB9C308B5C94272D77A4A2 /* libPods-HybridAppDemoTests.a */,
				ABDFB73E631A58AA9FF3D76D /* libPods-HybridAppDemoUITests.a */,
			);
			name = Frameworks;
			sourceTree = "<group>";
		};
		9A68ACEC00B1F3C290B5FA29 /* Pods */ = {
			isa = PBXGroup;
			children = (
				E8321876A49CF03224FA9A38 /* Pods-HybridAppDemo.debug.xcconfig */,
				DE1477ED271DB2A85419CA92 /* Pods-HybridAppDemo.release.xcconfig */,
				6D7DEA092CABFA14806490E7 /* Pods-HybridAppDemoTests.debug.xcconfig */,
				838D553ECB2049AF2941574E /* Pods-HybridAppDemoTests.release.xcconfig */,
				61907CF5CFC0882F1A8F8B17 /* Pods-HybridAppDemoUITests.debug.xcconfig */,
				7EDEDE9B16971D956408ABED /* Pods-HybridAppDemoUITests.release.xcconfig */,
			);
			name = Pods;
			sourceTree = "<group>";
		};
		B3E58656212C2C5E008F3FD3 = {
			isa = PBXGroup;
			children = (
				B3E58661212C2C5E008F3FD3 /* HybridAppDemo */,
				B3E5867A212C2C61008F3FD3 /* HybridAppDemoTests */,
				B3E58685212C2C61008F3FD3 /* HybridAppDemoUITests */,
				B3E58660212C2C5E008F3FD3 /* Products */,
				9A68ACEC00B1F3C290B5FA29 /* Pods */,
				7C33460B2F43EC10057BCD85 /* Frameworks */,
			);
			sourceTree = "<group>";
		};
		B3E58660212C2C5E008F3FD3 /* Products */ = {
			isa = PBXGroup;
			children = (
				B3E5865F212C2C5E008F3FD3 /* HybridAppDemo.app */,
				B3E58677212C2C61008F3FD3 /* HybridAppDemoTests.xctest */,
				B3E58682212C2C61008F3FD3 /* HybridAppDemoUITests.xctest */,
			);
			name = Products;
			sourceTree = "<group>";
		};
		B3E58661212C2C5E008F3FD3 /* HybridAppDemo */ = {
			isa = PBXGroup;
			children = (
				B3E58662212C2C5E008F3FD3 /* AppDelegate.h */,
				B3E58663212C2C5E008F3FD3 /* AppDelegate.m */,
				B3E58665212C2C5E008F3FD3 /* ViewController.h */,
				B3E58666212C2C5E008F3FD3 /* ViewController.m */,
				B3E58668212C2C5E008F3FD3 /* Main.storyboard */,
				B3E5866B212C2C61008F3FD3 /* Assets.xcassets */,
				B3E5866D212C2C61008F3FD3 /* LaunchScreen.storyboard */,
				B3E58670212C2C61008F3FD3 /* Info.plist */,
				B3E58671212C2C61008F3FD3 /* main.m */,
			);
			path = HybridAppDemo;
			sourceTree = "<group>";
		};
		B3E5867A212C2C61008F3FD3 /* HybridAppDemoTests */ = {
			isa = PBXGroup;
			children = (
				B3E5867B212C2C61008F3FD3 /* HybridAppDemoTests.m */,
				B3E5867D212C2C61008F3FD3 /* Info.plist */,
			);
			path = HybridAppDemoTests;
			sourceTree = "<group>";
		};
		B3E58685212C2C61008F3FD3 /* HybridAppDemoUITests */ = {
			isa = PBXGroup;
			children = (
				B3E58686212C2C61008F3FD3 /* HybridAppDemoUITests.m */,
				B3E58688212C2C61008F3FD3 /* Info.plist */,
			);
			path = HybridAppDemoUITests;
			sourceTree = "<group>";
		};
/* End PBXGroup section */

/* Begin PBXNativeTarget section */
		B3E5865E212C2C5E008F3FD3 /* HybridAppDemo */ = {
			isa = PBXNativeTarget;
			buildConfigurationList = B3E5868B212C2C61008F3FD3 /* Build configuration list for PBXNativeTarget "HybridAppDemo" */;
			buildPhases = (
				557C38E9BE9890D98AF9102E /* [CP] Check Pods Manifest.lock */,
				B3E5865B212C2C5E008F3FD3 /* Sources */,
				B3E5865C212C2C5E008F3FD3 /* Frameworks */,
				B3E5865D212C2C5E008F3FD3 /* Resources */,
			);
			buildRules = (
			);
			dependencies = (
			);
			name = HybridAppDemo;
			productName = HybridAppDemo;
			productReference = B3E5865F212C2C5E008F3FD3 /* HybridAppDemo.app */;
			productType = "com.apple.product-type.application";
		};
		B3E58676212C2C61008F3FD3 /* HybridAppDemoTests */ = {
			isa = PBXNativeTarget;
			buildConfigurationList = B3E5868E212C2C61008F3FD3 /* Build configuration list for PBXNativeTarget "HybridAppDemoTests" */;
			buildPhases = (
				BB177741F58F2BCE35E12C93 /* [CP] Check Pods Manifest.lock */,
				B3E58673212C2C61008F3FD3 /* Sources */,
				B3E58674212C2C61008F3FD3 /* Frameworks */,
				B3E58675212C2C61008F3FD3 /* Resources */,
			);
			buildRules = (
			);
			dependencies = (
				B3E58679212C2C61008F3FD3 /* PBXTargetDependency */,
			);
			name = HybridAppDemoTests;
			productName = HybridAppDemoTests;
			productReference = B3E58677212C2C61008F3FD3 /* HybridAppDemoTests.xctest */;
			productType = "com.apple.product-type.bundle.unit-test";
		};
		B3E58681212C2C61008F3FD3 /* HybridAppDemoUITests */ = {
			isa = PBXNativeTarget;
			buildConfigurationList = B3E58691212C2C61008F3FD3 /* Build configuration list for PBXNativeTarget "HybridAppDemoUITests" */;
			buildPhases = (
				228CBBAFAAA7A04B73B549F2 /* [CP] Check Pods Manifest.lock */,
				B3E5867E212C2C61008F3FD3 /* Sources */,
				B3E5867F212C2C61008F3FD3 /* Frameworks */,
				B3E58680212C2C61008F3FD3 /* Resources */,
			);
			buildRules = (
			);
			dependencies = (
				B3E58684212C2C61008F3FD3 /* PBXTargetDependency */,
			);
			name = HybridAppDemoUITests;
			productName = HybridAppDemoUITests;
			productReference = B3E58682212C2C61008F3FD3 /* HybridAppDemoUITests.xctest */;
			productType = "com.apple.product-type.bundle.ui-testing";
		};
/* End PBXNativeTarget section */

/* Begin PBXProject section */
		B3E58657212C2C5E008F3FD3 /* Project object */ = {
			isa = PBXProject;
			attributes = {
				LastUpgradeCheck = 0940;
				ORGANIZATIONNAME = Koploop;
				TargetAttributes = {
					B3E5865E212C2C5E008F3FD3 = {
						CreatedOnToolsVersion = 9.4.1;
					};
					B3E58676212C2C61008F3FD3 = {
						CreatedOnToolsVersion = 9.4.1;
						TestTargetID = B3E5865E212C2C5E008F3FD3;
					};
					B3E58681212C2C61008F3FD3 = {
						CreatedOnToolsVersion = 9.4.1;
						TestTargetID = B3E5865E212C2C5E008F3FD3;
					};
				};
			};
			buildConfigurationList = B3E5865A212C2C5E008F3FD3 /* Build configuration list for PBXProject "HybridAppDemo" */;
			compatibilityVersion = "Xcode 9.3";
			developmentRegion = en;
			hasScannedForEncodings = 0;
			knownRegions = (
				en,
				Base,
			);
			mainGroup = B3E58656212C2C5E008F3FD3;
			productRefGroup = B3E58660212C2C5E008F3FD3 /* Products */;
			projectDirPath = "";
			projectRoot = "";
			targets = (
				B3E5865E212C2C5E008F3FD3 /* HybridAppDemo */,
				B3E58676212C2C61008F3FD3 /* HybridAppDemoTests */,
				B3E58681212C2C61008F3FD3 /* HybridAppDemoUITests */,
			);
		};
/* End PBXProject section */

/* Begin PBXResourcesBuildPhase section */
		B3E5865D212C2C5E008F3FD3 /* Resources */ = {
			isa = PBXResourcesBuildPhase;
			buildActionMask = 2147483647;
			files = (
				B3E5866F212C2C61008F3FD3 /* LaunchScreen.storyboard in Resources */,
				B3E5866C212C2C61008F3FD3 /* Assets.xcassets in Resources */,
				B3E5866A212C2C5E008F3FD3 /* Main.storyboard in Resources */,
			);
			runOnlyForDeploymentPostprocessing = 0;
		};
		B3E58675212C2C61008F3FD3 /* Resources */ = {
			isa = PBXResourcesBuildPhase;
			buildActionMask = 2147483647;
			files = (
			);
			runOnlyForDeploymentPostprocessing = 0;
		};
		B3E58680212C2C61008F3FD3 /* Resources */ = {
			isa = PBXResourcesBuildPhase;
			buildActionMask = 2147483647;
			files = (
			);
			runOnlyForDeploymentPostprocessing = 0;
		};
/* End PBXResourcesBuildPhase section */

/* Begin PBXShellScriptBuildPhase section */
		228CBBAFAAA7A04B73B549F2 /* [CP] Check Pods Manifest.lock */ = {
			isa = PBXShellScriptBuildPhase;
			buildActionMask = 2147483647;
			files = (
			);
			inputPaths = (
				"${PODS_PODFILE_DIR_PATH}/Podfile.lock",
				"${PODS_ROOT}/Manifest.lock",
			);
			name = "[CP] Check Pods Manifest.lock";
			outputPaths = (
				"$(DERIVED_FILE_DIR)/Pods-HybridAppDemoUITests-checkManifestLockResult.txt",
			);
			runOnlyForDeploymentPostprocessing = 0;
			shellPath = /bin/sh;
			shellScript = "diff \"${PODS_PODFILE_DIR_PATH}/Podfile.lock\" \"${PODS_ROOT}/Manifest.lock\" > /dev/null\nif [ $? != 0 ] ; then\n    # print error to STDERR\n    echo \"error: The sandbox is not in sync with the Podfile.lock. Run 'pod install' or update your CocoaPods installation.\" >&2\n    exit 1\nfi\n# This output is used by Xcode 'outputs' to avoid re-running this script phase.\necho \"SUCCESS\" > \"${SCRIPT_OUTPUT_FILE_0}\"\n";
			showEnvVarsInLog = 0;
		};
		557C38E9BE9890D98AF9102E /* [CP] Check Pods Manifest.lock */ = {
			isa = PBXShellScriptBuildPhase;
			buildActionMask = 2147483647;
			files = (
			);
			inputPaths = (
				"${PODS_PODFILE_DIR_PATH}/Podfile.lock",
				"${PODS_ROOT}/Manifest.lock",
			);
			name = "[CP] Check Pods Manifest.lock";
			outputPaths = (
				"$(DERIVED_FILE_DIR)/Pods-HybridAppDemo-checkManifestLockResult.txt",
			);
			runOnlyForDeploymentPostprocessing = 0;
			shellPath = /bin/sh;
			shellScript = "diff \"${PODS_PODFILE_DIR_PATH}/Podfile.lock\" \"${PODS_ROOT}/Manifest.lock\" > /dev/null\nif [ $? != 0 ] ; then\n    # print error to STDERR\n    echo \"error: The sandbox is not in sync with the Podfile.lock. Run 'pod install' or update your CocoaPods installation.\" >&2\n    exit 1\nfi\n# This output is used by Xcode 'outputs' to avoid re-running this script phase.\necho \"SUCCESS\" > \"${SCRIPT_OUTPUT_FILE_0}\"\n";
			showEnvVarsInLog = 0;
		};
		BB177741F58F2BCE35E12C93 /* [CP] Check Pods Manifest.lock */ = {
			isa = PBXShellScriptBuildPhase;
			buildActionMask = 2147483647;
			files = (
			);
			inputPaths = (
				"${PODS_PODFILE_DIR_PATH}/Podfile.lock",
				"${PODS_ROOT}/Manifest.lock",
			);
			name = "[CP] Check Pods Manifest.lock";
			outputPaths = (
				"$(DERIVED_FILE_DIR)/Pods-HybridAppDemoTests-checkManifestLockResult.txt",
			);
			runOnlyForDeploymentPostprocessing = 0;
			shellPath = /bin/sh;
			shellScript = "diff \"${PODS_PODFILE_DIR_PATH}/Podfile.lock\" \"${PODS_ROOT}/Manifest.lock\" > /dev/null\nif [ $? != 0 ] ; then\n    # print error to STDERR\n    echo \"error: The sandbox is not in sync with the Podfile.lock. Run 'pod install' or update your CocoaPods installation.\" >&2\n    exit 1\nfi\n# This output is used by Xcode 'outputs' to avoid re-running this script phase.\necho \"SUCCESS\" > \"${SCRIPT_OUTPUT_FILE_0}\"\n";
			showEnvVarsInLog = 0;
		};
/* End PBXShellScriptBuildPhase section */

/* Begin PBXSourcesBuildPhase section */
		B3E5865B212C2C5E008F3FD3 /* Sources */ = {
			isa = PBXSourcesBuildPhase;
			buildActionMask = 2147483647;
			files = (
				B3E58667212C2C5E008F3FD3 /* ViewController.m in Sources */,
				B3E58672212C2C61008F3FD3 /* main.m in Sources */,
				B3E58664212C2C5E008F3FD3 /* AppDelegate.m in Sources */,
			);
			runOnlyForDeploymentPostprocessing = 0;
		};
		B3E58673212C2C61008F3FD3 /* Sources */ = {
			isa = PBXSourcesBuildPhase;
			buildActionMask = 2147483647;
			files = (
				B3E5867C212C2C61008F3FD3 /* HybridAppDemoTests.m in Sources */,
			);
			runOnlyForDeploymentPostprocessing = 0;
		};
		B3E5867E212C2C61008F3FD3 /* Sources */ = {
			isa = PBXSourcesBuildPhase;
			buildActionMask = 2147483647;
			files = (
				B3E58687212C2C61008F3FD3 /* HybridAppDemoUITests.m in Sources */,
			);
			runOnlyForDeploymentPostprocessing = 0;
		};
/* End PBXSourcesBuildPhase section */

/* Begin PBXTargetDependency section */
		B3E58679212C2C61008F3FD3 /* PBXTargetDependency */ = {
			isa = PBXTargetDependency;
			target = B3E5865E212C2C5E008F3FD3 /* HybridAppDemo */;
			targetProxy = B3E58678212C2C61008F3FD3 /* PBXContainerItemProxy */;
		};
		B3E58684212C2C61008F3FD3 /* PBXTargetDependency */ = {
			isa = PBXTargetDependency;
			target = B3E5865E212C2C5E008F3FD3 /* HybridAppDemo */;
			targetProxy = B3E58683212C2C61008F3FD3 /* PBXContainerItemProxy */;
		};
/* End PBXTargetDependency section */

/* Begin PBXVariantGroup section */
		B3E58668212C2C5E008F3FD3 /* Main.storyboard */ = {
			isa = PBXVariantGroup;
			children = (
				B3E58669212C2C5E008F3FD3 /* Base */,
			);
			name = Main.storyboard;
			sourceTree = "<group>";
		};
		B3E5866D212C2C61008F3FD3 /* LaunchScreen.storyboard */ = {
			isa = PBXVariantGroup;
			children = (
				B3E5866E212C2C61008F3FD3 /* Base */,
			);
			name = LaunchScreen.storyboard;
			sourceTree = "<group>";
		};
/* End PBXVariantGroup section */

/* Begin XCBuildConfiguration section */
		B3E58689212C2C61008F3FD3 /* Debug */ = {
			isa = XCBuildConfiguration;
			buildSettings = {
				ALWAYS_SEARCH_USER_PATHS = NO;
				CLANG_ANALYZER_NONNULL = YES;
				CLANG_ANALYZER_NUMBER_OBJECT_CONVERSION = YES_AGGRESSIVE;
				CLANG_CXX_LANGUAGE_STANDARD = "gnu++14";
				CLANG_CXX_LIBRARY = "libc++";
				CLANG_ENABLE_MODULES = YES;
				CLANG_ENABLE_OBJC_ARC = YES;
				CLANG_ENABLE_OBJC_WEAK = YES;
				CLANG_WARN_BLOCK_CAPTURE_AUTORELEASING = YES;
				CLANG_WARN_BOOL_CONVERSION = YES;
				CLANG_WARN_COMMA = YES;
				CLANG_WARN_CONSTANT_CONVERSION = YES;
				CLANG_WARN_DEPRECATED_OBJC_IMPLEMENTATIONS = YES;
				CLANG_WARN_DIRECT_OBJC_ISA_USAGE = YES_ERROR;
				CLANG_WARN_DOCUMENTATION_COMMENTS = YES;
				CLANG_WARN_EMPTY_BODY = YES;
				CLANG_WARN_ENUM_CONVERSION = YES;
				CLANG_WARN_INFINITE_RECURSION = YES;
				CLANG_WARN_INT_CONVERSION = YES;
				CLANG_WARN_NON_LITERAL_NULL_CONVERSION = YES;
				CLANG_WARN_OBJC_IMPLICIT_RETAIN_SELF = YES;
				CLANG_WARN_OBJC_LITERAL_CONVERSION = YES;
				CLANG_WARN_OBJC_ROOT_CLASS = YES_ERROR;
				CLANG_WARN_RANGE_LOOP_ANALYSIS = YES;
				CLANG_WARN_STRICT_PROTOTYPES = YES;
				CLANG_WARN_SUSPICIOUS_MOVE = YES;
				CLANG_WARN_UNGUARDED_AVAILABILITY = YES_AGGRESSIVE;
				CLANG_WARN_UNREACHABLE_CODE = YES;
				CLANG_WARN__DUPLICATE_METHOD_MATCH = YES;
				CODE_SIGN_IDENTITY = "iPhone Developer";
				COPY_PHASE_STRIP = NO;
				DEBUG_INFORMATION_FORMAT = dwarf;
				ENABLE_STRICT_OBJC_MSGSEND = YES;
				ENABLE_TESTABILITY = YES;
				GCC_C_LANGUAGE_STANDARD = gnu11;
				GCC_DYNAMIC_NO_PIC = NO;
				GCC_NO_COMMON_BLOCKS = YES;
				GCC_OPTIMIZATION_LEVEL = 0;
				GCC_PREPROCESSOR_DEFINITIONS = (
					"DEBUG=1",
					"$(inherited)",
				);
				GCC_WARN_64_TO_32_BIT_CONVERSION = YES;
				GCC_WARN_ABOUT_RETURN_TYPE = YES_ERROR;
				GCC_WARN_UNDECLARED_SELECTOR = YES;
				GCC_WARN_UNINITIALIZED_AUTOS = YES_AGGRESSIVE;
				GCC_WARN_UNUSED_FUNCTION = YES;
				GCC_WARN_UNUSED_VARIABLE = YES;
				IPHONEOS_DEPLOYMENT_TARGET = 11.4;
				MTL_ENABLE_DEBUG_INFO = YES;
				ONLY_ACTIVE_ARCH = YES;
				SDKROOT = iphoneos;
			};
			name = Debug;
		};
		B3E5868A212C2C61008F3FD3 /* Release */ = {
			isa = XCBuildConfiguration;
			buildSettings = {
				ALWAYS_SEARCH_USER_PATHS = NO;
				CLANG_ANALYZER_NONNULL = YES;
				CLANG_ANALYZER_NUMBER_OBJECT_CONVERSION = YES_AGGRESSIVE;
				CLANG_CXX_LANGUAGE_STANDARD = "gnu++14";
				CLANG_CXX_LIBRARY = "libc++";
				CLANG_ENABLE_MODULES = YES;
				CLANG_ENABLE_OBJC_ARC = YES;
				CLANG_ENABLE_OBJC_WEAK = YES;
				CLANG_WARN_BLOCK_CAPTURE_AUTORELEASING = YES;
				CLANG_WARN_BOOL_CONVERSION = YES;
				CLANG_WARN_COMMA = YES;
				CLANG_WARN_CONSTANT_CONVERSION = YES;
				CLANG_WARN_DEPRECATED_OBJC_IMPLEMENTATIONS = YES;
				CLANG_WARN_DIRECT_OBJC_ISA_USAGE = YES_ERROR;
				CLANG_WARN_DOCUMENTATION_COMMENTS = YES;
				CLANG_WARN_EMPTY_BODY = YES;
				CLANG_WARN_ENUM_CONVERSION = YES;
				CLANG_WARN_INFINITE_RECURSION = YES;
				CLANG_WARN_INT_CONVERSION = YES;
				CLANG_WARN_NON_LITERAL_NULL_CONVERSION = YES;
				CLANG_WARN_OBJC_IMPLICIT_RETAIN_SELF = YES;
				CLANG_WARN_OBJC_LITERAL_CONVERSION = YES;
				CLANG_WARN_OBJC_ROOT_CLASS = YES_ERROR;
				CLANG_WARN_RANGE_LOOP_ANALYSIS = YES;
				CLANG_WARN_STRICT_PROTOTYPES = YES;
				CLANG_WARN_SUSPICIOUS_MOVE = YES;
				CLANG_WARN_UNGUARDED_AVAILABILITY = YES_AGGRESSIVE;
				CLANG_WARN_UNREACHABLE_CODE = YES;
				CLANG_WARN__DUPLICATE_METHOD_MATCH = YES;
				CODE_SIGN_IDENTITY = "iPhone Developer";
				COPY_PHASE_STRIP = NO;
				DEBUG_INFORMATION_FORMAT = "dwarf-with-dsym";
				ENABLE_NS_ASSERTIONS = NO;
				ENABLE_STRICT_OBJC_MSGSEND = YES;
				GCC_C_LANGUAGE_STANDARD = gnu11;
				GCC_NO_COMMON_BLOCKS = YES;
				GCC_WARN_64_TO_32_BIT_CONVERSION = YES;
				GCC_WARN_ABOUT_RETURN_TYPE = YES_ERROR;
				GCC_WARN_UNDECLARED_SELECTOR = YES;
				GCC_WARN_UNINITIALIZED_AUTOS = YES_AGGRESSIVE;
				GCC_WARN_UNUSED_FUNCTION = YES;
				GCC_WARN_UNUSED_VARIABLE = YES;
				IPHONEOS_DEPLOYMENT_TARGET = 11.4;
				MTL_ENABLE_DEBUG_INFO = NO;
				SDKROOT = iphoneos;
				VALIDATE_PRODUCT = YES;
			};
			name = Release;
		};
		B3E5868C212C2C61008F3FD3 /* Debug */ = {
			isa = XCBuildConfiguration;
			baseConfigurationReference = E8321876A49CF03224FA9A38 /* Pods-HybridAppDemo.debug.xcconfig */;
			buildSettings = {
				ASSETCATALOG_COMPILER_APPICON_NAME = AppIcon;
				CODE_SIGN_STYLE = Automatic;
				DEVELOPMENT_TEAM = B6F9N4WUT7;
				INFOPLIST_FILE = HybridAppDemo/Info.plist;
				LD_RUNPATH_SEARCH_PATHS = (
					"$(inherited)",
					"@executable_path/Frameworks",
				);
				PRODUCT_BUNDLE_IDENTIFIER = com.koploop.HybridAppDemo.HybridAppDemo;
				PRODUCT_NAME = "$(TARGET_NAME)";
				TARGETED_DEVICE_FAMILY = "1,2";
			};
			name = Debug;
		};
		B3E5868D212C2C61008F3FD3 /* Release */ = {
			isa = XCBuildConfiguration;
			baseConfigurationReference = DE1477ED271DB2A85419CA92 /* Pods-HybridAppDemo.release.xcconfig */;
			buildSettings = {
				ASSETCATALOG_COMPILER_APPICON_NAME = AppIcon;
				CODE_SIGN_STYLE = Automatic;
				DEVELOPMENT_TEAM = B6F9N4WUT7;
				INFOPLIST_FILE = HybridAppDemo/Info.plist;
				LD_RUNPATH_SEARCH_PATHS = (
					"$(inherited)",
					"@executable_path/Frameworks",
				);
				PRODUCT_BUNDLE_IDENTIFIER = com.koploop.HybridAppDemo.HybridAppDemo;
				PRODUCT_NAME = "$(TARGET_NAME)";
				TARGETED_DEVICE_FAMILY = "1,2";
			};
			name = Release;
		};
		B3E5868F212C2C61008F3FD3 /* Debug */ = {
			isa = XCBuildConfiguration;
			baseConfigurationReference = 6D7DEA092CABFA14806490E7 /* Pods-HybridAppDemoTests.debug.xcconfig */;
			buildSettings = {
				BUNDLE_LOADER = "$(TEST_HOST)";
				CODE_SIGN_STYLE = Automatic;
				DEVELOPMENT_TEAM = B6F9N4WUT7;
				INFOPLIST_FILE = HybridAppDemoTests/Info.plist;
				LD_RUNPATH_SEARCH_PATHS = (
					"$(inherited)",
					"@executable_path/Frameworks",
					"@loader_path/Frameworks",
				);
				PRODUCT_BUNDLE_IDENTIFIER = com.koploop.HybridAppDemo.HybridAppDemoTests;
				PRODUCT_NAME = "$(TARGET_NAME)";
				TARGETED_DEVICE_FAMILY = "1,2";
				TEST_HOST = "$(BUILT_PRODUCTS_DIR)/HybridAppDemo.app/HybridAppDemo";
			};
			name = Debug;
		};
		B3E58690212C2C61008F3FD3 /* Release */ = {
			isa = XCBuildConfiguration;
			baseConfigurationReference = 838D553ECB2049AF2941574E /* Pods-HybridAppDemoTests.release.xcconfig */;
			buildSettings = {
				BUNDLE_LOADER = "$(TEST_HOST)";
				CODE_SIGN_STYLE = Automatic;
				DEVELOPMENT_TEAM = B6F9N4WUT7;
				INFOPLIST_FILE = HybridAppDemoTests/Info.plist;
				LD_RUNPATH_SEARCH_PATHS = (
					"$(inherited)",
					"@executable_path/Frameworks",
					"@loader_path/Frameworks",
				);
				PRODUCT_BUNDLE_IDENTIFIER = com.koploop.HybridAppDemo.HybridAppDemoTests;
				PRODUCT_NAME = "$(TARGET_NAME)";
				TARGETED_DEVICE_FAMILY = "1,2";
				TEST_HOST = "$(BUILT_PRODUCTS_DIR)/HybridAppDemo.app/HybridAppDemo";
			};
			name = Release;
		};
		B3E58692212C2C61008F3FD3 /* Debug */ = {
			isa = XCBuildConfiguration;
			baseConfigurationReference = 61907CF5CFC0882F1A8F8B17 /* Pods-HybridAppDemoUITests.debug.xcconfig */;
			buildSettings = {
				CODE_SIGN_STYLE = Automatic;
				DEVELOPMENT_TEAM = B6F9N4WUT7;
				INFOPLIST_FILE = HybridAppDemoUITests/Info.plist;
				LD_RUNPATH_SEARCH_PATHS = (
					"$(inherited)",
					"@executable_path/Frameworks",
					"@loader_path/Frameworks",
				);
				PRODUCT_BUNDLE_IDENTIFIER = com.koploop.HybridAppDemo.HybridAppDemoUITests;
				PRODUCT_NAME = "$(TARGET_NAME)";
				TARGETED_DEVICE_FAMILY = "1,2";
				TEST_TARGET_NAME = HybridAppDemo;
			};
			name = Debug;
		};
		B3E58693212C2C61008F3FD3 /* Release */ = {
			isa = XCBuildConfiguration;
			baseConfigurationReference = 7EDEDE9B16971D956408ABED /* Pods-HybridAppDemoUITests.release.xcconfig */;
			buildSettings = {
				CODE_SIGN_STYLE = Automatic;
				DEVELOPMENT_TEAM = B6F9N4WUT7;
				INFOPLIST_FILE = HybridAppDemoUITests/Info.plist;
				LD_RUNPATH_SEARCH_PATHS = (
					"$(inherited)",
					"@executable_path/Frameworks",
					"@loader_path/Frameworks",
				);
				PRODUCT_BUNDLE_IDENTIFIER = com.koploop.HybridAppDemo.HybridAppDemoUITests;
				PRODUCT_NAME = "$(TARGET_NAME)";
				TARGETED_DEVICE_FAMILY = "1,2";
				TEST_TARGET_NAME = HybridAppDemo;
			};
			name = Release;
		};
/* End XCBuildConfiguration section */

/* Begin XCConfigurationList section */
		B3E5865A212C2C5E008F3FD3 /* Build configuration list for PBXProject "HybridAppDemo" */ = {
			isa = XCConfigurationList;
			buildConfigurations = (
				B3E58689212C2C61008F3FD3 /* Debug */,
				B3E5868A212C2C61008F3FD3 /* Release */,
			);
			defaultConfigurationIsVisible = 0;
			defaultConfigurationName = Release;
		};
		B3E5868B212C2C61008F3FD3 /* Build configuration list for PBXNativeTarget "HybridAppDemo" */ = {
			isa = XCConfigurationList;
			buildConfigurations = (
				B3E5868C212C2C61008F3FD3 /* Debug */,
				B3E5868D212C2C61008F3FD3 /* Release */,
			);
			defaultConfigurationIsVisible = 0;
			defaultConfigurationName = Release;
		};
		B3E5868E212C2C61008F3FD3 /* Build configuration list for PBXNativeTarget "HybridAppDemoTests" */ = {
			isa = XCConfigurationList;
			buildConfigurations = (
				B3E5868F212C2C61008F3FD3 /* Debug */,
				B3E58690212C2C61008F3FD3 /* Release */,
			);
			defaultConfigurationIsVisible = 0;
			defaultConfigurationName = Release;
		};
		B3E58691212C2C61008F3FD3 /* Build configuration list for PBXNativeTarget "HybridAppDemoUITests" */ = {
			isa = XCConfigurationList;
			buildConfigurations = (
				B3E58692212C2C61008F3FD3 /* Debug */,
				B3E58693212C2C61008F3FD3 /* Release */,
			);
			defaultConfigurationIsVisible = 0;
			defaultConfigurationName = Release;
		};
/* End XCConfigurationList section */
	};
	rootObject = B3E58657212C2C5E008F3FD3 /* Project object */;
}
